
Microsoft Visual Studio Solution File, Format Version 12.00
# Visual Studio 15
VisualStudioVersion = 15.0.28307.960
MinimumVisualStudioVersion = 10.0.40219.1
Project("{2150E333-8FDC-42A3-9474-1A3956D46DE8}") = "Service", "Service", "{F16A229C-CB27-4003-962F-9358C51D1651}"
EndProject
Project("{FAE04EC0-301F-11D3-BF4B-00C04F79EFBC}") = "Mircale.WebApi", "Service\Mircale.WebApi\Mircale.WebApi.csproj", "{8A84A589-B380-4BE4-909A-1FB013F0392C}"
EndProject
Global
	GlobalSection(SolutionConfigurationPlatforms) = preSolution
		Debug|Any CPU = Debug|Any CPU
		Release|Any CPU = Release|Any CPU
	EndGlobalSection
	GlobalSection(ProjectConfigurationPlatforms) = postSolution
		{8A84A589-B380-4BE4-909A-1FB013F0392C}.Debug|Any CPU.ActiveCfg = Debug|Any CPU
		{8A84A589-B380-4BE4-909A-1FB013F0392C}.Debug|Any CPU.Build.0 = Debug|Any CPU
		{8A84A589-B380-4BE4-909A-1FB013F0392C}.Release|Any CPU.ActiveCfg = Release|Any CPU
		{8A84A589-B380-4BE4-909A-1FB013F0392C}.Release|Any CPU.Build.0 = Release|Any CPU
	EndGlobalSection
	GlobalSection(SolutionProperties) = preSolution
		HideSolutionNode = FALSE
	EndGlobalSection
	GlobalSection(NestedProjects) = preSolution
		{8A84A589-B380-4BE4-909A-1FB013F0392C} = {F16A229C-CB27-4003-962F-9358C51D1651}
	EndGlobalSection
	GlobalSection(ExtensibilityGlobals) = postSolution
		SolutionGuid = {3F4EA5FC-B94C-4BC7-BBCD-131BAC641A4D}
	EndGlobalSection
EndGlobal
